Microsoft Visual Studio Solution File, Format Version 12.00
# Visual Studio Version 17
VisualStudioVersion = 17.5.2.0
MinimumVisualStudioVersion = 10.0.40219.1
Project("{FAE04EC0-301F-11D3-BF4B-00C04F79EFBC}") = "openfga-experiment", "openfga-experiment.csproj", "{181233CE-10D5-328C-3D12-56E783A6682D}"
EndProject
Global
	GlobalSection(SolutionConfigurationPlatforms) = preSolution
		Debug|Any CPU = Debug|Any CPU
		Release|Any CPU = Release|Any CPU
	EndGlobalSection
	GlobalSection(ProjectConfigurationPlatforms) = postSolution
		{181233CE-10D5-328C-3D12-56E783A6682D}.Debug|Any CPU.ActiveCfg = Debug|Any CPU
		{181233CE-10D5-328C-3D12-56E783A6682D}.Debug|Any CPU.Build.0 = Debug|Any CPU
		{181233CE-10D5-328C-3D12-56E783A6682D}.Release|Any CPU.ActiveCfg = Release|Any CPU
		{181233CE-10D5-328C-3D12-56E783A6682D}.Release|Any CPU.Build.0 = Release|Any CPU
	EndGlobalSection
	GlobalSection(SolutionProperties) = preSolution
		HideSolutionNode = FALSE
	EndGlobalSection
	GlobalSection(ExtensibilityGlobals) = postSolution
		SolutionGuid = {6399B748-15C2-4E9E-AC28-F96097BDC102}
	EndGlobalSection
EndGlobal
