
Microsoft Visual Studio Solution File, Format Version 12.00
Project("{FAE04EC0-301F-11D3-BF4B-00C04F79EFBC}") = "WebApp", "WebApp\WebApp.csproj", "{31CB3920-E9A2-461D-B938-817AD5FD7CB2}"
EndProject
Project("{2150E333-8FDC-42A3-9474-1A3956D46DE8}") = "SolutionItems", "SolutionItems", "{39BE492A-9814-49B8-AC38-B0A60248A09C}"
	ProjectSection(SolutionItems) = preProject
		.gitignore = .gitignore
	EndProjectSection
EndProject
Global
	GlobalSection(SolutionConfigurationPlatforms) = preSolution
		Debug|Any CPU = Debug|Any CPU
		Release|Any CPU = Release|Any CPU
	EndGlobalSection
	GlobalSection(ProjectConfigurationPlatforms) = postSolution
		{31CB3920-E9A2-461D-B938-817AD5FD7CB2}.Debug|Any CPU.ActiveCfg = Debug|Any CPU
		{31CB3920-E9A2-461D-B938-817AD5FD7CB2}.Debug|Any CPU.Build.0 = Debug|Any CPU
		{31CB3920-E9A2-461D-B938-817AD5FD7CB2}.Release|Any CPU.ActiveCfg = Release|Any CPU
		{31CB3920-E9A2-461D-B938-817AD5FD7CB2}.Release|Any CPU.Build.0 = Release|Any CPU
	EndGlobalSection
EndGlobal
